// !$*UTF8*$!
{
	archiveVersion = 1;
	classes = {
	};
	objectVersion = 56;
	objects = {

/* Begin PBXBuildFile section */
		BD5C433BD2A1ADE41C2C5470 /* Pods_Tracker_Home.framework in Frameworks */ = {isa = PBXBuildFile; fileRef = E1941484961EB4003F00ED27 /* Pods_Tracker_Home.framework */; };
		F406974C2B98C93100427B2F /* Tracker_HomeTestss.swift in Sources */ = {isa = PBXBuildFile; fileRef = F406974B2B98C93100427B2F /* Tracker_HomeTestss.swift */; };
		F4102A622B35AEBC009E2D14 /* AppDelegate.swift in Sources */ = {isa = PBXBuildFile; fileRef = F4102A612B35AEBC009E2D14 /* AppDelegate.swift */; };
		F4102A642B35AEBC009E2D14 /* SceneDelegate.swift in Sources */ = {isa = PBXBuildFile; fileRef = F4102A632B35AEBC009E2D14 /* SceneDelegate.swift */; };
		F4102A662B35AEBC009E2D14 /* MainTabBarController.swift in Sources */ = {isa = PBXBuildFile; fileRef = F4102A652B35AEBC009E2D14 /* MainTabBarController.swift */; };
		F4102A6B2B35AEBD009E2D14 /* Assets.xcassets in Resources */ = {isa = PBXBuildFile; fileRef = F4102A6A2B35AEBD009E2D14 /* Assets.xcassets */; };
		F4102A6E2B35AEBD009E2D14 /* LaunchScreen.storyboard in Resources */ = {isa = PBXBuildFile; fileRef = F4102A6C2B35AEBD009E2D14 /* LaunchScreen.storyboard */; };
		F4102A762B35BB0F009E2D14 /* ExtensionUIColors.swift in Sources */ = {isa = PBXBuildFile; fileRef = F4102A752B35BB0F009E2D14 /* ExtensionUIColors.swift */; };
		F4102A782B35C4AC009E2D14 /* TrackerViewController.swift in Sources */ = {isa = PBXBuildFile; fileRef = F4102A772B35C4AC009E2D14 /* TrackerViewController.swift */; };
		F4102A7A2B35C4B7009E2D14 /* StatisticsViewController.swift in Sources */ = {isa = PBXBuildFile; fileRef = F4102A792B35C4B7009E2D14 /* StatisticsViewController.swift */; };
		F41B50342B98C06C00669A1F /* InlineSnapshotTesting in Frameworks */ = {isa = PBXBuildFile; productRef = F41B50332B98C06C00669A1F /* InlineSnapshotTesting */; };
		F41B50362B98C06C00669A1F /* SnapshotTesting in Frameworks */ = {isa = PBXBuildFile; productRef = F41B50352B98C06C00669A1F /* SnapshotTesting */; };
		F41ECF542B6A2E0500BC0EDB /* AllCellFilled.swift in Sources */ = {isa = PBXBuildFile; fileRef = F41ECF532B6A2E0500BC0EDB /* AllCellFilled.swift */; };
		F433C4582B6387E800A9EF61 /* EmojiColorCollectionCell.swift in Sources */ = {isa = PBXBuildFile; fileRef = F433C4572B6387E800A9EF61 /* EmojiColorCollectionCell.swift */; };
		F433C45A2B6387F700A9EF61 /* EmojiColorCollectionHeader.swift in Sources */ = {isa = PBXBuildFile; fileRef = F433C4592B6387F700A9EF61 /* EmojiColorCollectionHeader.swift */; };
		F4340C512B9F847D00CB8453 /* AnalyticsService.swift in Sources */ = {isa = PBXBuildFile; fileRef = F4340C502B9F847D00CB8453 /* AnalyticsService.swift */; };
		F439A9632B3B879C00E99BEE /* TrackerViewControllerHeader.swift in Sources */ = {isa = PBXBuildFile; fileRef = F439A9622B3B879C00E99BEE /* TrackerViewControllerHeader.swift */; };
		F457F4752B99A4C00050828B /* FilterViewController.swift in Sources */ = {isa = PBXBuildFile; fileRef = F457F4742B99A4C00050828B /* FilterViewController.swift */; };
		F457F47A2B99C7600050828B /* Localizable.strings in Resources */ = {isa = PBXBuildFile; fileRef = F457F47C2B99C7600050828B /* Localizable.strings */; };
		F457F47F2B9A11210050828B /* LocalizedText.swift in Sources */ = {isa = PBXBuildFile; fileRef = F457F47E2B9A11210050828B /* LocalizedText.swift */; };
		F457F4822B9A17970050828B /* Localizable.stringsdict in Resources */ = {isa = PBXBuildFile; fileRef = F457F4842B9A17970050828B /* Localizable.stringsdict */; };
		F47487ED2B68D77F0039D671 /* Setting.swift in Sources */ = {isa = PBXBuildFile; fileRef = F47487EC2B68D77F0039D671 /* Setting.swift */; };
		F4789FD62B7129D8005016F8 /* OnboardingViewController.swift in Sources */ = {isa = PBXBuildFile; fileRef = F4789FD52B7129D8005016F8 /* OnboardingViewController.swift */; };
		F499738F2B75F9F90040C883 /* AppSettingsStorage.swift in Sources */ = {isa = PBXBuildFile; fileRef = F499738E2B75F9F90040C883 /* AppSettingsStorage.swift */; };
		F49973952B7601450040C883 /* AllCategoryViewController.swift in Sources */ = {isa = PBXBuildFile; fileRef = F49973942B7601450040C883 /* AllCategoryViewController.swift */; };
		F49973972B760DD70040C883 /* AllCategoryViewControllerCell.swift in Sources */ = {isa = PBXBuildFile; fileRef = F49973962B760DD70040C883 /* AllCategoryViewControllerCell.swift */; };
		F49973992B7655830040C883 /* CategoryStore.swift in Sources */ = {isa = PBXBuildFile; fileRef = F49973982B7655830040C883 /* CategoryStore.swift */; };
		F4A138ED2B3A459E006FE0C0 /* TrackerViewControllerCell.swift in Sources */ = {isa = PBXBuildFile; fileRef = F4A138EC2B3A459E006FE0C0 /* TrackerViewControllerCell.swift */; };
		F4A2F4842B46DB7200D40710 /* CreatingTrackers.swift in Sources */ = {isa = PBXBuildFile; fileRef = F4A2F4832B46DB7200D40710 /* CreatingTrackers.swift */; };
		F4A2F4862B47233D00D40710 /* NewHabitViewController.swift in Sources */ = {isa = PBXBuildFile; fileRef = F4A2F4852B47233D00D40710 /* NewHabitViewController.swift */; };
		F4A2F48A2B472EEF00D40710 /* TablewViewCell.swift in Sources */ = {isa = PBXBuildFile; fileRef = F4A2F4892B472EEF00D40710 /* TablewViewCell.swift */; };
		F4A2F48C2B4828AC00D40710 /* NewCategoryViewController.swift in Sources */ = {isa = PBXBuildFile; fileRef = F4A2F48B2B4828AC00D40710 /* NewCategoryViewController.swift */; };
		F4A80AFC2B4D169500FCCAEF /* NewScheduleViewController.swift in Sources */ = {isa = PBXBuildFile; fileRef = F4A80AFB2B4D169400FCCAEF /* NewScheduleViewController.swift */; };
		F4A80AFE2B4D189500FCCAEF /* ScheduleTableViewCell.swift in Sources */ = {isa = PBXBuildFile; fileRef = F4A80AFD2B4D189500FCCAEF /* ScheduleTableViewCell.swift */; };
		F4A80B002B4D796A00FCCAEF /* Weekday.swift in Sources */ = {isa = PBXBuildFile; fileRef = F4A80AFF2B4D796A00FCCAEF /* Weekday.swift */; };
		F4AC15C22B77A1C0001213DB /* CategoryModel.swift in Sources */ = {isa = PBXBuildFile; fileRef = F4AC15C12B77A1C0001213DB /* CategoryModel.swift */; };
		F4AC15C42B77A22C001213DB /* AllCategoryViewModel.swift in Sources */ = {isa = PBXBuildFile; fileRef = F4AC15C32B77A22C001213DB /* AllCategoryViewModel.swift */; };
		F4B869692BA0FDB700F99543 /* Tracker HomeTestss.xctest in Resources */ = {isa = PBXBuildFile; fileRef = F40697492B98C93100427B2F /* Tracker HomeTestss.xctest */; };
		F4BF2CA12B3A3A7900FC88DD /* Tracker.swift in Sources */ = {isa = PBXBuildFile; fileRef = F4BF2CA02B3A3A7900FC88DD /* Tracker.swift */; };
		F4BF2CA32B3A3A8300FC88DD /* TrackerCategory.swift in Sources */ = {isa = PBXBuildFile; fileRef = F4BF2CA22B3A3A8300FC88DD /* TrackerCategory.swift */; };
		F4BF2CA52B3A3A8C00FC88DD /* TrackerRecord.swift in Sources */ = {isa = PBXBuildFile; fileRef = F4BF2CA42B3A3A8C00FC88DD /* TrackerRecord.swift */; };
		F4C796FE2B678EAF00636046 /* CoreDataManager.swift in Sources */ = {isa = PBXBuildFile; fileRef = F4C796FD2B678EAF00636046 /* CoreDataManager.swift */; };
		F4C797012B67908900636046 /* TrackerCoreData.xcdatamodeld in Sources */ = {isa = PBXBuildFile; fileRef = F4C796FF2B67908900636046 /* TrackerCoreData.xcdatamodeld */; };
		F4C797032B67966100636046 /* TrackerStore.swift in Sources */ = {isa = PBXBuildFile; fileRef = F4C797022B67966100636046 /* TrackerStore.swift */; };
		F4C797052B67966C00636046 /* TrackerCategoryStore.swift in Sources */ = {isa = PBXBuildFile; fileRef = F4C797042B67966C00636046 /* TrackerCategoryStore.swift */; };
		F4C797072B67967600636046 /* TrackerRecordStore.swift in Sources */ = {isa = PBXBuildFile; fileRef = F4C797062B67967600636046 /* TrackerRecordStore.swift */; };
		F4CC16D32BA1D6D60039D0D3 /* CellState.swift in Sources */ = {isa = PBXBuildFile; fileRef = F4CC16D22BA1D6D60039D0D3 /* CellState.swift */; };
		F4F604692BA25B1100E0F05B /* AnalyticsService.swift in Sources */ = {isa = PBXBuildFile; fileRef = F4340C502B9F847D00CB8453 /* AnalyticsService.swift */; };
		F4F6046B2BA25BB200E0F05B /* Tracker HomeTestss.xctest in Resources */ = {isa = PBXBuildFile; fileRef = F40697492B98C93100427B2F /* Tracker HomeTestss.xctest */; };
		F4FA32F52B9ED6A900E8A99B /* Gradient.swift in Sources */ = {isa = PBXBuildFile; fileRef = F4FA32F42B9ED6A900E8A99B /* Gradient.swift */; };
/* End PBXBuildFile section */

/* Begin PBXContainerItemProxy section */
		F406974D2B98C93100427B2F /* PBXContainerItemProxy */ = {
			isa = PBXContainerItemProxy;
			containerPortal = F4102A562B35AEBC009E2D14 /* Project object */;
			proxyType = 1;
			remoteGlobalIDString = F4102A5D2B35AEBC009E2D14;
			remoteInfo = "Tracker Home";
		};
		F41B502D2B98C05000669A1F /* PBXContainerItemProxy */ = {
			isa = PBXContainerItemProxy;
			containerPortal = F4102A562B35AEBC009E2D14 /* Project object */;
			proxyType = 1;
			remoteGlobalIDString = F4102A5D2B35AEBC009E2D14;
			remoteInfo = "Tracker Home";
		};
/* End PBXContainerItemProxy section */

/* Begin PBXFileReference section */
		9D0B1F8620672F1029E8A7C2 /* Pods-Tracker Home.debug.xcconfig */ = {isa = PBXFileReference; includeInIndex = 1; lastKnownFileType = text.xcconfig; name = "Pods-Tracker Home.debug.xcconfig"; path = "Target Support Files/Pods-Tracker Home/Pods-Tracker Home.debug.xcconfig"; sourceTree = "<group>"; };
		B258A69C815DDEA6917562C6 /* Pods-Tracker Home.release.xcconfig */ = {isa = PBXFileReference; includeInIndex = 1; lastKnownFileType = text.xcconfig; name = "Pods-Tracker Home.release.xcconfig"; path = "Target Support Files/Pods-Tracker Home/Pods-Tracker Home.release.xcconfig"; sourceTree = "<group>"; };
		E1941484961EB4003F00ED27 /* Pods_Tracker_Home.framework */ = {isa = PBXFileReference; explicitFileType = wrapper.framework; includeInIndex = 0; path = Pods_Tracker_Home.framework; sourceTree = BUILT_PRODUCTS_DIR; };
		F40697492B98C93100427B2F /* Tracker HomeTestss.xctest */ = {isa = PBXFileReference; explicitFileType = wrapper.cfbundle; includeInIndex = 0; path = "Tracker HomeTestss.xctest"; sourceTree = BUILT_PRODUCTS_DIR; };
		F406974B2B98C93100427B2F /* Tracker_HomeTestss.swift */ = {isa = PBXFileReference; lastKnownFileType = sourcecode.swift; path = Tracker_HomeTestss.swift; sourceTree = "<group>"; };
		F4102A5E2B35AEBC009E2D14 /* Tracker Home.app */ = {isa = PBXFileReference; explicitFileType = wrapper.application; includeInIndex = 0; path = "Tracker Home.app"; sourceTree = BUILT_PRODUCTS_DIR; };
		F4102A612B35AEBC009E2D14 /* AppDelegate.swift */ = {isa = PBXFileReference; lastKnownFileType = sourcecode.swift; path = AppDelegate.swift; sourceTree = "<group>"; };
		F4102A632B35AEBC009E2D14 /* SceneDelegate.swift */ = {isa = PBXFileReference; lastKnownFileType = sourcecode.swift; path = SceneDelegate.swift; sourceTree = "<group>"; };
		F4102A652B35AEBC009E2D14 /* MainTabBarController.swift */ = {isa = PBXFileReference; lastKnownFileType = sourcecode.swift; path = MainTabBarController.swift; sourceTree = "<group>"; };
		F4102A6A2B35AEBD009E2D14 /* Assets.xcassets */ = {isa = PBXFileReference; lastKnownFileType = folder.assetcatalog; path = Assets.xcassets; sourceTree = "<group>"; };
		F4102A6D2B35AEBD009E2D14 /* Base */ = {isa = PBXFileReference; lastKnownFileType = file.storyboard; name = Base; path = Base.lproj/LaunchScreen.storyboard; sourceTree = "<group>"; };
		F4102A6F2B35AEBD009E2D14 /* Info.plist */ = {isa = PBXFileReference; lastKnownFileType = text.plist.xml; path = Info.plist; sourceTree = "<group>"; };
		F4102A752B35BB0F009E2D14 /* ExtensionUIColors.swift */ = {isa = PBXFileReference; lastKnownFileType = sourcecode.swift; path = ExtensionUIColors.swift; sourceTree = "<group>"; };
		F4102A772B35C4AC009E2D14 /* TrackerViewController.swift */ = {isa = PBXFileReference; lastKnownFileType = sourcecode.swift; path = TrackerViewController.swift; sourceTree = "<group>"; };
		F4102A792B35C4B7009E2D14 /* StatisticsViewController.swift */ = {isa = PBXFileReference; lastKnownFileType = sourcecode.swift; path = StatisticsViewController.swift; sourceTree = "<group>"; };
		F41B50292B98C04F00669A1F /* Tracker HomeTests.xctest */ = {isa = PBXFileReference; explicitFileType = wrapper.cfbundle; includeInIndex = 0; path = "Tracker HomeTests.xctest"; sourceTree = BUILT_PRODUCTS_DIR; };
		F41ECF532B6A2E0500BC0EDB /* AllCellFilled.swift */ = {isa = PBXFileReference; lastKnownFileType = sourcecode.swift; path = AllCellFilled.swift; sourceTree = "<group>"; };
		F433C4572B6387E800A9EF61 /* EmojiColorCollectionCell.swift */ = {isa = PBXFileReference; lastKnownFileType = sourcecode.swift; path = EmojiColorCollectionCell.swift; sourceTree = "<group>"; };
		F433C4592B6387F700A9EF61 /* EmojiColorCollectionHeader.swift */ = {isa = PBXFileReference; lastKnownFileType = sourcecode.swift; path = EmojiColorCollectionHeader.swift; sourceTree = "<group>"; };
		F4340C502B9F847D00CB8453 /* AnalyticsService.swift */ = {isa = PBXFileReference; lastKnownFileType = sourcecode.swift; path = AnalyticsService.swift; sourceTree = "<group>"; };
		F439A9622B3B879C00E99BEE /* TrackerViewControllerHeader.swift */ = {isa = PBXFileReference; lastKnownFileType = sourcecode.swift; path = TrackerViewControllerHeader.swift; sourceTree = "<group>"; };
		F457F4742B99A4C00050828B /* FilterViewController.swift */ = {isa = PBXFileReference; lastKnownFileType = sourcecode.swift; path = FilterViewController.swift; sourceTree = "<group>"; };
		F457F4792B99C7580050828B /* ru */ = {isa = PBXFileReference; lastKnownFileType = text.plist.strings; name = ru; path = ru.lproj/LaunchScreen.strings; sourceTree = "<group>"; };
		F457F47B2B99C7600050828B /* en */ = {isa = PBXFileReference; lastKnownFileType = text.plist.strings; name = en; path = en.lproj/Localizable.strings; sourceTree = "<group>"; };
		F457F47D2B99C7640050828B /* ru */ = {isa = PBXFileReference; lastKnownFileType = text.plist.strings; name = ru; path = ru.lproj/Localizable.strings; sourceTree = "<group>"; };
		F457F47E2B9A11210050828B /* LocalizedText.swift */ = {isa = PBXFileReference; lastKnownFileType = sourcecode.swift; path = LocalizedText.swift; sourceTree = "<group>"; };
		F457F4832B9A17970050828B /* ru */ = {isa = PBXFileReference; lastKnownFileType = text.plist.stringsdict; name = ru; path = ru.lproj/Localizable.stringsdict; sourceTree = "<group>"; };
		F457F4852B9A17990050828B /* en */ = {isa = PBXFileReference; lastKnownFileType = text.plist.stringsdict; name = en; path = en.lproj/Localizable.stringsdict; sourceTree = "<group>"; };
		F47487EC2B68D77F0039D671 /* Setting.swift */ = {isa = PBXFileReference; lastKnownFileType = sourcecode.swift; path = Setting.swift; sourceTree = "<group>"; };
		F4789FD52B7129D8005016F8 /* OnboardingViewController.swift */ = {isa = PBXFileReference; lastKnownFileType = sourcecode.swift; path = OnboardingViewController.swift; sourceTree = "<group>"; };
		F499738E2B75F9F90040C883 /* AppSettingsStorage.swift */ = {isa = PBXFileReference; lastKnownFileType = sourcecode.swift; path = AppSettingsStorage.swift; sourceTree = "<group>"; };
		F49973942B7601450040C883 /* AllCategoryViewController.swift */ = {isa = PBXFileReference; lastKnownFileType = sourcecode.swift; path = AllCategoryViewController.swift; sourceTree = "<group>"; };
		F49973962B760DD70040C883 /* AllCategoryViewControllerCell.swift */ = {isa = PBXFileReference; lastKnownFileType = sourcecode.swift; path = AllCategoryViewControllerCell.swift; sourceTree = "<group>"; };
		F49973982B7655830040C883 /* CategoryStore.swift */ = {isa = PBXFileReference; lastKnownFileType = sourcecode.swift; path = CategoryStore.swift; sourceTree = "<group>"; };
		F4A138EC2B3A459E006FE0C0 /* TrackerViewControllerCell.swift */ = {isa = PBXFileReference; lastKnownFileType = sourcecode.swift; path = TrackerViewControllerCell.swift; sourceTree = "<group>"; };
		F4A2F4832B46DB7200D40710 /* CreatingTrackers.swift */ = {isa = PBXFileReference; lastKnownFileType = sourcecode.swift; path = CreatingTrackers.swift; sourceTree = "<group>"; };
		F4A2F4852B47233D00D40710 /* NewHabitViewController.swift */ = {isa = PBXFileReference; lastKnownFileType = sourcecode.swift; path = NewHabitViewController.swift; sourceTree = "<group>"; };
		F4A2F4892B472EEF00D40710 /* TablewViewCell.swift */ = {isa = PBXFileReference; lastKnownFileType = sourcecode.swift; path = TablewViewCell.swift; sourceTree = "<group>"; };
		F4A2F48B2B4828AC00D40710 /* NewCategoryViewController.swift */ = {isa = PBXFileReference; lastKnownFileType = sourcecode.swift; path = NewCategoryViewController.swift; sourceTree = "<group>"; };
		F4A80AFB2B4D169400FCCAEF /* NewScheduleViewController.swift */ = {isa = PBXFileReference; lastKnownFileType = sourcecode.swift; path = NewScheduleViewController.swift; sourceTree = "<group>"; };
		F4A80AFD2B4D189500FCCAEF /* ScheduleTableViewCell.swift */ = {isa = PBXFileReference; lastKnownFileType = sourcecode.swift; path = ScheduleTableViewCell.swift; sourceTree = "<group>"; };
		F4A80AFF2B4D796A00FCCAEF /* Weekday.swift */ = {isa = PBXFileReference; lastKnownFileType = sourcecode.swift; path = Weekday.swift; sourceTree = "<group>"; };
		F4AC15C12B77A1C0001213DB /* CategoryModel.swift */ = {isa = PBXFileReference; lastKnownFileType = sourcecode.swift; path = CategoryModel.swift; sourceTree = "<group>"; };
		F4AC15C32B77A22C001213DB /* AllCategoryViewModel.swift */ = {isa = PBXFileReference; lastKnownFileType = sourcecode.swift; path = AllCategoryViewModel.swift; sourceTree = "<group>"; };
		F4BF2CA02B3A3A7900FC88DD /* Tracker.swift */ = {isa = PBXFileReference; lastKnownFileType = sourcecode.swift; path = Tracker.swift; sourceTree = "<group>"; };
		F4BF2CA22B3A3A8300FC88DD /* TrackerCategory.swift */ = {isa = PBXFileReference; lastKnownFileType = sourcecode.swift; path = TrackerCategory.swift; sourceTree = "<group>"; };
		F4BF2CA42B3A3A8C00FC88DD /* TrackerRecord.swift */ = {isa = PBXFileReference; lastKnownFileType = sourcecode.swift; path = TrackerRecord.swift; sourceTree = "<group>"; };
		F4C796FD2B678EAF00636046 /* CoreDataManager.swift */ = {isa = PBXFileReference; lastKnownFileType = sourcecode.swift; path = CoreDataManager.swift; sourceTree = "<group>"; };
		F4C797002B67908900636046 /* TrackerCoreData.xcdatamodel */ = {isa = PBXFileReference; lastKnownFileType = wrapper.xcdatamodel; path = TrackerCoreData.xcdatamodel; sourceTree = "<group>"; };
		F4C797022B67966100636046 /* TrackerStore.swift */ = {isa = PBXFileReference; lastKnownFileType = sourcecode.swift; path = TrackerStore.swift; sourceTree = "<group>"; };
		F4C797042B67966C00636046 /* TrackerCategoryStore.swift */ = {isa = PBXFileReference; lastKnownFileType = sourcecode.swift; path = TrackerCategoryStore.swift; sourceTree = "<group>"; };
		F4C797062B67967600636046 /* TrackerRecordStore.swift */ = {isa = PBXFileReference; lastKnownFileType = sourcecode.swift; path = TrackerRecordStore.swift; sourceTree = "<group>"; };
		F4CC16D22BA1D6D60039D0D3 /* CellState.swift */ = {isa = PBXFileReference; lastKnownFileType = sourcecode.swift; path = CellState.swift; sourceTree = "<group>"; };
		F4FA32F42B9ED6A900E8A99B /* Gradient.swift */ = {isa = PBXFileReference; lastKnownFileType = sourcecode.swift; path = Gradient.swift; sourceTree = "<group>"; };
/* End PBXFileReference section */

/* Begin PBXFrameworksBuildPhase section */
		F40697462B98C93100427B2F /* Frameworks */ = {
			isa = PBXFrameworksBuildPhase;
			buildActionMask = 2147483647;
			files = (
			);
			runOnlyForDeploymentPostprocessing = 0;
		};
		F4102A5B2B35AEBC009E2D14 /* Frameworks */ = {
			isa = PBXFrameworksBuildPhase;
			buildActionMask = 2147483647;
			files = (
				BD5C433BD2A1ADE41C2C5470 /* Pods_Tracker_Home.framework in Frameworks */,
			);
			runOnlyForDeploymentPostprocessing = 0;
		};
		F41B50262B98C04F00669A1F /* Frameworks */ = {
			isa = PBXFrameworksBuildPhase;
			buildActionMask = 2147483647;
			files = (
				F41B50342B98C06C00669A1F /* InlineSnapshotTesting in Frameworks */,
				F41B50362B98C06C00669A1F /* SnapshotTesting in Frameworks */,
			);
			runOnlyForDeploymentPostprocessing = 0;
		};
/* End PBXFrameworksBuildPhase section */

/* Begin PBXGroup section */
		848BAB059FAE11B9417A0FDB /* Pods */ = {
			isa = PBXGroup;
			children = (
				9D0B1F8620672F1029E8A7C2 /* Pods-Tracker Home.debug.xcconfig */,
				B258A69C815DDEA6917562C6 /* Pods-Tracker Home.release.xcconfig */,
			);
			path = Pods;
			sourceTree = "<group>";
		};
		8AF6183F29DD25E35DE6577A /* Frameworks */ = {
			isa = PBXGroup;
			children = (
				E1941484961EB4003F00ED27 /* Pods_Tracker_Home.framework */,
			);
			name = Frameworks;
			sourceTree = "<group>";
		};
		F406974A2B98C93100427B2F /* Tracker HomeTestss */ = {
			isa = PBXGroup;
			children = (
				F406974B2B98C93100427B2F /* Tracker_HomeTestss.swift */,
			);
			path = "Tracker HomeTestss";
			sourceTree = "<group>";
		};
		F4102A552B35AEBC009E2D14 = {
			isa = PBXGroup;
			children = (
				F4102A602B35AEBC009E2D14 /* Tracker Home */,
				F406974A2B98C93100427B2F /* Tracker HomeTestss */,
				F4102A5F2B35AEBC009E2D14 /* Products */,
				848BAB059FAE11B9417A0FDB /* Pods */,
				8AF6183F29DD25E35DE6577A /* Frameworks */,
			);
			sourceTree = "<group>";
		};
		F4102A5F2B35AEBC009E2D14 /* Products */ = {
			isa = PBXGroup;
			children = (
				F4102A5E2B35AEBC009E2D14 /* Tracker Home.app */,
				F41B50292B98C04F00669A1F /* Tracker HomeTests.xctest */,
				F40697492B98C93100427B2F /* Tracker HomeTestss.xctest */,
			);
			name = Products;
			sourceTree = "<group>";
		};
		F4102A602B35AEBC009E2D14 /* Tracker Home */ = {
			isa = PBXGroup;
			children = (
				F457F4762B99C70F0050828B /* Resources */,
				F4BF2C9F2B3A3A6F00FC88DD /* Model */,
				F4BF2C9E2B3A3A5F00FC88DD /* Controllers */,
				F4A138EB2B3A458C006FE0C0 /* View */,
				F4BF2C9D2B3A1B2300FC88DD /* Extension */,
				F4102A612B35AEBC009E2D14 /* AppDelegate.swift */,
				F4102A632B35AEBC009E2D14 /* SceneDelegate.swift */,
				F4102A652B35AEBC009E2D14 /* MainTabBarController.swift */,
				F4102A6A2B35AEBD009E2D14 /* Assets.xcassets */,
				F4102A6C2B35AEBD009E2D14 /* LaunchScreen.storyboard */,
				F4102A6F2B35AEBD009E2D14 /* Info.plist */,
				F4C796FF2B67908900636046 /* TrackerCoreData.xcdatamodeld */,
			);
			path = "Tracker Home";
			sourceTree = "<group>";
		};
		F457F4762B99C70F0050828B /* Resources */ = {
			isa = PBXGroup;
			children = (
				F457F47C2B99C7600050828B /* Localizable.strings */,
				F457F4842B9A17970050828B /* Localizable.stringsdict */,
			);
			path = Resources;
			sourceTree = "<group>";
		};
		F4A138EB2B3A458C006FE0C0 /* View */ = {
			isa = PBXGroup;
			children = (
				F4A138EC2B3A459E006FE0C0 /* TrackerViewControllerCell.swift */,
				F439A9622B3B879C00E99BEE /* TrackerViewControllerHeader.swift */,
				F4A2F4892B472EEF00D40710 /* TablewViewCell.swift */,
				F49973962B760DD70040C883 /* AllCategoryViewControllerCell.swift */,
				F4A80AFD2B4D189500FCCAEF /* ScheduleTableViewCell.swift */,
				F433C4572B6387E800A9EF61 /* EmojiColorCollectionCell.swift */,
				F433C4592B6387F700A9EF61 /* EmojiColorCollectionHeader.swift */,
				F4AC15C32B77A22C001213DB /* AllCategoryViewModel.swift */,
			);
			path = View;
			sourceTree = "<group>";
		};
		F4A2F4812B46DB2400D40710 /* Tracker */ = {
			isa = PBXGroup;
			children = (
				F4102A772B35C4AC009E2D14 /* TrackerViewController.swift */,
				F4A2F4832B46DB7200D40710 /* CreatingTrackers.swift */,
				F4A2F4852B47233D00D40710 /* NewHabitViewController.swift */,
				F49973942B7601450040C883 /* AllCategoryViewController.swift */,
				F4A2F48B2B4828AC00D40710 /* NewCategoryViewController.swift */,
				F4A80AFB2B4D169400FCCAEF /* NewScheduleViewController.swift */,
				F457F4742B99A4C00050828B /* FilterViewController.swift */,
				F4CC16D22BA1D6D60039D0D3 /* CellState.swift */,
			);
			path = Tracker;
			sourceTree = "<group>";
		};
		F4A2F4822B46DB2D00D40710 /* Statistics */ = {
			isa = PBXGroup;
			children = (
				F4102A792B35C4B7009E2D14 /* StatisticsViewController.swift */,
			);
			path = Statistics;
			sourceTree = "<group>";
		};
		F4BF2C9D2B3A1B2300FC88DD /* Extension */ = {
			isa = PBXGroup;
			children = (
				F4102A752B35BB0F009E2D14 /* ExtensionUIColors.swift */,
				F4A80AFF2B4D796A00FCCAEF /* Weekday.swift */,
				F47487EC2B68D77F0039D671 /* Setting.swift */,
				F41ECF532B6A2E0500BC0EDB /* AllCellFilled.swift */,
				F457F47E2B9A11210050828B /* LocalizedText.swift */,
				F4FA32F42B9ED6A900E8A99B /* Gradient.swift */,
				F4340C502B9F847D00CB8453 /* AnalyticsService.swift */,
			);
			path = Extension;
			sourceTree = "<group>";
		};
		F4BF2C9E2B3A3A5F00FC88DD /* Controllers */ = {
			isa = PBXGroup;
			children = (
				F4789FD52B7129D8005016F8 /* OnboardingViewController.swift */,
				F4A2F4812B46DB2400D40710 /* Tracker */,
				F4A2F4822B46DB2D00D40710 /* Statistics */,
			);
			path = Controllers;
			sourceTree = "<group>";
		};
		F4BF2C9F2B3A3A6F00FC88DD /* Model */ = {
			isa = PBXGroup;
			children = (
				F4BF2CA02B3A3A7900FC88DD /* Tracker.swift */,
				F4BF2CA22B3A3A8300FC88DD /* TrackerCategory.swift */,
				F4BF2CA42B3A3A8C00FC88DD /* TrackerRecord.swift */,
				F4C796FD2B678EAF00636046 /* CoreDataManager.swift */,
				F4C797022B67966100636046 /* TrackerStore.swift */,
				F4C797042B67966C00636046 /* TrackerCategoryStore.swift */,
				F4C797062B67967600636046 /* TrackerRecordStore.swift */,
				F499738E2B75F9F90040C883 /* AppSettingsStorage.swift */,
				F49973982B7655830040C883 /* CategoryStore.swift */,
				F4AC15C12B77A1C0001213DB /* CategoryModel.swift */,
			);
			path = Model;
			sourceTree = "<group>";
		};
/* End PBXGroup section */

/* Begin PBXNativeTarget section */
		F40697482B98C93100427B2F /* Tracker HomeTestss */ = {
			isa = PBXNativeTarget;
			buildConfigurationList = F406974F2B98C93100427B2F /* Build configuration list for PBXNativeTarget "Tracker HomeTestss" */;
			buildPhases = (
				F40697452B98C93100427B2F /* Sources */,
				F40697462B98C93100427B2F /* Frameworks */,
				F40697472B98C93100427B2F /* Resources */,
			);
			buildRules = (
			);
			dependencies = (
				F406974E2B98C93100427B2F /* PBXTargetDependency */,
			);
			name = "Tracker HomeTestss";
			productName = "Tracker HomeTestss";
			productReference = F40697492B98C93100427B2F /* Tracker HomeTestss.xctest */;
			productType = "com.apple.product-type.bundle.unit-test";
		};
		F4102A5D2B35AEBC009E2D14 /* Tracker Home */ = {
			isa = PBXNativeTarget;
			buildConfigurationList = F4102A722B35AEBD009E2D14 /* Build configuration list for PBXNativeTarget "Tracker Home" */;
			buildPhases = (
				D397265998D7366408FC0071 /* [CP] Check Pods Manifest.lock */,
				F4102A5A2B35AEBC009E2D14 /* Sources */,
				F4102A5B2B35AEBC009E2D14 /* Frameworks */,
				F4102A5C2B35AEBC009E2D14 /* Resources */,
				6F52C358C7D4F83507207F2D /* [CP] Embed Pods Frameworks */,
			);
			buildRules = (
			);
			dependencies = (
			);
			name = "Tracker Home";
			productName = "Tracker Home";
			productReference = F4102A5E2B35AEBC009E2D14 /* Tracker Home.app */;
			productType = "com.apple.product-type.application";
		};
		F41B50282B98C04F00669A1F /* Tracker HomeTests */ = {
			isa = PBXNativeTarget;
			buildConfigurationList = F41B50312B98C05000669A1F /* Build configuration list for PBXNativeTarget "Tracker HomeTests" */;
			buildPhases = (
				F41B50252B98C04F00669A1F /* Sources */,
				F41B50262B98C04F00669A1F /* Frameworks */,
				F41B50272B98C04F00669A1F /* Resources */,
			);
			buildRules = (
			);
			dependencies = (
				F41B502E2B98C05000669A1F /* PBXTargetDependency */,
			);
			name = "Tracker HomeTests";
			packageProductDependencies = (
				F41B50332B98C06C00669A1F /* InlineSnapshotTesting */,
				F41B50352B98C06C00669A1F /* SnapshotTesting */,
			);
			productName = "Tracker HomeTests";
			productReference = F41B50292B98C04F00669A1F /* Tracker HomeTests.xctest */;
			productType = "com.apple.product-type.bundle.unit-test";
		};
/* End PBXNativeTarget section */

/* Begin PBXProject section */
		F4102A562B35AEBC009E2D14 /* Project object */ = {
			isa = PBXProject;
			attributes = {
				BuildIndependentTargetsInParallel = 1;
				LastSwiftUpdateCheck = 1510;
				LastUpgradeCheck = 1510;
				TargetAttributes = {
					F40697482B98C93100427B2F = {
						CreatedOnToolsVersion = 15.1;
						TestTargetID = F4102A5D2B35AEBC009E2D14;
					};
					F4102A5D2B35AEBC009E2D14 = {
						CreatedOnToolsVersion = 14.3.1;
					};
					F41B50282B98C04F00669A1F = {
						CreatedOnToolsVersion = 15.1;
						TestTargetID = F4102A5D2B35AEBC009E2D14;
					};
				};
			};
			buildConfigurationList = F4102A592B35AEBC009E2D14 /* Build configuration list for PBXProject "Tracker Home" */;
			compatibilityVersion = "Xcode 14.0";
			developmentRegion = en;
			hasScannedForEncodings = 0;
			knownRegions = (
				en,
				Base,
				ru,
			);
			mainGroup = F4102A552B35AEBC009E2D14;
			packageReferences = (
				F41B50322B98C06C00669A1F /* XCRemoteSwiftPackageReference "swift-snapshot-testing" */,
			);
			productRefGroup = F4102A5F2B35AEBC009E2D14 /* Products */;
			projectDirPath = "";
			projectRoot = "";
			targets = (
				F4102A5D2B35AEBC009E2D14 /* Tracker Home */,
				F41B50282B98C04F00669A1F /* Tracker HomeTests */,
				F40697482B98C93100427B2F /* Tracker HomeTestss */,
			);
		};
/* End PBXProject section */

/* Begin PBXResourcesBuildPhase section */
		F40697472B98C93100427B2F /* Resources */ = {
			isa = PBXResourcesBuildPhase;
			buildActionMask = 2147483647;
			files = (
				F4B869692BA0FDB700F99543 /* Tracker HomeTestss.xctest in Resources */,
			);
			runOnlyForDeploymentPostprocessing = 0;
		};
		F4102A5C2B35AEBC009E2D14 /* Resources */ = {
			isa = PBXResourcesBuildPhase;
			buildActionMask = 2147483647;
			files = (
				F4102A6E2B35AEBD009E2D14 /* LaunchScreen.storyboard in Resources */,
				F457F4822B9A17970050828B /* Localizable.stringsdict in Resources */,
				F457F47A2B99C7600050828B /* Localizable.strings in Resources */,
				F4F6046B2BA25BB200E0F05B /* Tracker HomeTestss.xctest in Resources */,
				F4102A6B2B35AEBD009E2D14 /* Assets.xcassets in Resources */,
			);
			runOnlyForDeploymentPostprocessing = 0;
		};
		F41B50272B98C04F00669A1F /* Resources */ = {
			isa = PBXResourcesBuildPhase;
			buildActionMask = 2147483647;
			files = (
			);
			runOnlyForDeploymentPostprocessing = 0;
		};
/* End PBXResourcesBuildPhase section */

/* Begin PBXShellScriptBuildPhase section */
		6F52C358C7D4F83507207F2D /* [CP] Embed Pods Frameworks */ = {
			isa = PBXShellScriptBuildPhase;
			buildActionMask = 2147483647;
			files = (
			);
			inputFileListPaths = (
				"${PODS_ROOT}/Target Support Files/Pods-Tracker Home/Pods-Tracker Home-frameworks-${CONFIGURATION}-input-files.xcfilelist",
			);
			name = "[CP] Embed Pods Frameworks";
			outputFileListPaths = (
				"${PODS_ROOT}/Target Support Files/Pods-Tracker Home/Pods-Tracker Home-frameworks-${CONFIGURATION}-output-files.xcfilelist",
			);
			runOnlyForDeploymentPostprocessing = 0;
			shellPath = /bin/sh;
			shellScript = "\"${PODS_ROOT}/Target Support Files/Pods-Tracker Home/Pods-Tracker Home-frameworks.sh\"\n";
			showEnvVarsInLog = 0;
		};
		D397265998D7366408FC0071 /* [CP] Check Pods Manifest.lock */ = {
			isa = PBXShellScriptBuildPhase;
			buildActionMask = 2147483647;
			files = (
			);
			inputFileListPaths = (
			);
			inputPaths = (
				"${PODS_PODFILE_DIR_PATH}/Podfile.lock",
				"${PODS_ROOT}/Manifest.lock",
			);
			name = "[CP] Check Pods Manifest.lock";
			outputFileListPaths = (
			);
			outputPaths = (
				"$(DERIVED_FILE_DIR)/Pods-Tracker Home-checkManifestLockResult.txt",
			);
			runOnlyForDeploymentPostprocessing = 0;
			shellPath = /bin/sh;
			shellScript = "diff \"${PODS_PODFILE_DIR_PATH}/Podfile.lock\" \"${PODS_ROOT}/Manifest.lock\" > /dev/null\nif [ $? != 0 ] ; then\n    # print error to STDERR\n    echo \"error: The sandbox is not in sync with the Podfile.lock. Run 'pod install' or update your CocoaPods installation.\" >&2\n    exit 1\nfi\n# This output is used by Xcode 'outputs' to avoid re-running this script phase.\necho \"SUCCESS\" > \"${SCRIPT_OUTPUT_FILE_0}\"\n";
			showEnvVarsInLog = 0;
		};
/* End PBXShellScriptBuildPhase section */

/* Begin PBXSourcesBuildPhase section */
		F40697452B98C93100427B2F /* Sources */ = {
			isa = PBXSourcesBuildPhase;
			buildActionMask = 2147483647;
			files = (
				F406974C2B98C93100427B2F /* Tracker_HomeTestss.swift in Sources */,
				F4F604692BA25B1100E0F05B /* AnalyticsService.swift in Sources */,
			);
			runOnlyForDeploymentPostprocessing = 0;
		};
		F4102A5A2B35AEBC009E2D14 /* Sources */ = {
			isa = PBXSourcesBuildPhase;
			buildActionMask = 2147483647;
			files = (
				F4102A782B35C4AC009E2D14 /* TrackerViewController.swift in Sources */,
				F4A2F48C2B4828AC00D40710 /* NewCategoryViewController.swift in Sources */,
				F4C797012B67908900636046 /* TrackerCoreData.xcdatamodeld in Sources */,
				F4102A662B35AEBC009E2D14 /* MainTabBarController.swift in Sources */,
				F4CC16D32BA1D6D60039D0D3 /* CellState.swift in Sources */,
				F4C797072B67967600636046 /* TrackerRecordStore.swift in Sources */,
				F4A80AFC2B4D169500FCCAEF /* NewScheduleViewController.swift in Sources */,
				F4BF2CA32B3A3A8300FC88DD /* TrackerCategory.swift in Sources */,
				F4AC15C22B77A1C0001213DB /* CategoryModel.swift in Sources */,
				F4A80B002B4D796A00FCCAEF /* Weekday.swift in Sources */,
				F4102A622B35AEBC009E2D14 /* AppDelegate.swift in Sources */,
				F433C45A2B6387F700A9EF61 /* EmojiColorCollectionHeader.swift in Sources */,
				F4102A7A2B35C4B7009E2D14 /* StatisticsViewController.swift in Sources */,
				F4789FD62B7129D8005016F8 /* OnboardingViewController.swift in Sources */,
				F41ECF542B6A2E0500BC0EDB /* AllCellFilled.swift in Sources */,
				F499738F2B75F9F90040C883 /* AppSettingsStorage.swift in Sources */,
				F457F47F2B9A11210050828B /* LocalizedText.swift in Sources */,
				F4C796FE2B678EAF00636046 /* CoreDataManager.swift in Sources */,
				F4A80AFE2B4D189500FCCAEF /* ScheduleTableViewCell.swift in Sources */,
				F4A2F4842B46DB7200D40710 /* CreatingTrackers.swift in Sources */,
				F4C797032B67966100636046 /* TrackerStore.swift in Sources */,
				F4A138ED2B3A459E006FE0C0 /* TrackerViewControllerCell.swift in Sources */,
				F4340C512B9F847D00CB8453 /* AnalyticsService.swift in Sources */,
				F47487ED2B68D77F0039D671 /* Setting.swift in Sources */,
				F49973972B760DD70040C883 /* AllCategoryViewControllerCell.swift in Sources */,
				F4C797052B67966C00636046 /* TrackerCategoryStore.swift in Sources */,
				F4FA32F52B9ED6A900E8A99B /* Gradient.swift in Sources */,
				F433C4582B6387E800A9EF61 /* EmojiColorCollectionCell.swift in Sources */,
				F4BF2CA52B3A3A8C00FC88DD /* TrackerRecord.swift in Sources */,
				F439A9632B3B879C00E99BEE /* TrackerViewControllerHeader.swift in Sources */,
				F49973992B7655830040C883 /* CategoryStore.swift in Sources */,
				F4A2F4862B47233D00D40710 /* NewHabitViewController.swift in Sources */,
				F4102A642B35AEBC009E2D14 /* SceneDelegate.swift in Sources */,
				F457F4752B99A4C00050828B /* FilterViewController.swift in Sources */,
				F4102A762B35BB0F009E2D14 /* ExtensionUIColors.swift in Sources */,
				F4BF2CA12B3A3A7900FC88DD /* Tracker.swift in Sources */,
				F4A2F48A2B472EEF00D40710 /* TablewViewCell.swift in Sources */,
				F4AC15C42B77A22C001213DB /* AllCategoryViewModel.swift in Sources */,
				F49973952B7601450040C883 /* AllCategoryViewController.swift in Sources */,
			);
			runOnlyForDeploymentPostprocessing = 0;
		};
		F41B50252B98C04F00669A1F /* Sources */ = {
			isa = PBXSourcesBuildPhase;
			buildActionMask = 2147483647;
			files = (
			);
			runOnlyForDeploymentPostprocessing = 0;
		};
/* End PBXSourcesBuildPhase section */

/* Begin PBXTargetDependency section */
		F406974E2B98C93100427B2F /* PBXTargetDependency */ = {
			isa = PBXTargetDependency;
			target = F4102A5D2B35AEBC009E2D14 /* Tracker Home */;
			targetProxy = F406974D2B98C93100427B2F /* PBXContainerItemProxy */;
		};
		F41B502E2B98C05000669A1F /* PBXTargetDependency */ = {
			isa = PBXTargetDependency;
			target = F4102A5D2B35AEBC009E2D14 /* Tracker Home */;
			targetProxy = F41B502D2B98C05000669A1F /* PBXContainerItemProxy */;
		};
/* End PBXTargetDependency section */

/* Begin PBXVariantGroup section */
		F4102A6C2B35AEBD009E2D14 /* LaunchScreen.storyboard */ = {
			isa = PBXVariantGroup;
			children = (
				F4102A6D2B35AEBD009E2D14 /* Base */,
				F457F4792B99C7580050828B /* ru */,
			);
			name = LaunchScreen.storyboard;
			sourceTree = "<group>";
		};
		F457F47C2B99C7600050828B /* Localizable.strings */ = {
			isa = PBXVariantGroup;
			children = (
				F457F47B2B99C7600050828B /* en */,
				F457F47D2B99C7640050828B /* ru */,
			);
			name = Localizable.strings;
			sourceTree = "<group>";
		};
		F457F4842B9A17970050828B /* Localizable.stringsdict */ = {
			isa = PBXVariantGroup;
			children = (
				F457F4832B9A17970050828B /* ru */,
				F457F4852B9A17990050828B /* en */,
			);
			name = Localizable.stringsdict;
			sourceTree = "<group>";
		};
/* End PBXVariantGroup section */

/* Begin XCBuildConfiguration section */
		F40697502B98C93100427B2F /* Debug */ = {
			isa = XCBuildConfiguration;
			buildSettings = {
				ASSETCATALOG_COMPILER_GENERATE_SWIFT_ASSET_SYMBOL_EXTENSIONS = YES;
				BUNDLE_LOADER = "$(TEST_HOST)";
				CODE_SIGN_STYLE = Automatic;
				CURRENT_PROJECT_VERSION = 1;
				DEVELOPMENT_TEAM = 66QMN95M53;
				GCC_C_LANGUAGE_STANDARD = gnu17;
				GENERATE_INFOPLIST_FILE = YES;
				IPHONEOS_DEPLOYMENT_TARGET = 17.2;
				LOCALIZATION_PREFERS_STRING_CATALOGS = YES;
				MARKETING_VERSION = 1.0;
				PRODUCT_BUNDLE_IDENTIFIER = "dlyaSebya.Tracker-HomeTestss";
				PRODUCT_NAME = "$(TARGET_NAME)";
				SWIFT_ACTIVE_COMPILATION_CONDITIONS = "DEBUG $(inherited)";
				SWIFT_EMIT_LOC_STRINGS = NO;
				SWIFT_VERSION = 5.0;
				TARGETED_DEVICE_FAMILY = "1,2";
				TEST_HOST = "$(BUILT_PRODUCTS_DIR)/Tracker Home.app/$(BUNDLE_EXECUTABLE_FOLDER_PATH)/Tracker Home";
			};
			name = Debug;
		};
		F40697512B98C93100427B2F /* Release */ = {
			isa = XCBuildConfiguration;
			buildSettings = {
				ASSETCATALOG_COMPILER_GENERATE_SWIFT_ASSET_SYMBOL_EXTENSIONS = YES;
				BUNDLE_LOADER = "$(TEST_HOST)";
				CODE_SIGN_STYLE = Automatic;
				CURRENT_PROJECT_VERSION = 1;
				DEVELOPMENT_TEAM = 66QMN95M53;
				GCC_C_LANGUAGE_STANDARD = gnu17;
				GENERATE_INFOPLIST_FILE = YES;
				IPHONEOS_DEPLOYMENT_TARGET = 17.2;
				LOCALIZATION_PREFERS_STRING_CATALOGS = YES;
				MARKETING_VERSION = 1.0;
				PRODUCT_BUNDLE_IDENTIFIER = "dlyaSebya.Tracker-HomeTestss";
				PRODUCT_NAME = "$(TARGET_NAME)";
				SWIFT_EMIT_LOC_STRINGS = NO;
				SWIFT_VERSION = 5.0;
				TARGETED_DEVICE_FAMILY = "1,2";
				TEST_HOST = "$(BUILT_PRODUCTS_DIR)/Tracker Home.app/$(BUNDLE_EXECUTABLE_FOLDER_PATH)/Tracker Home";
			};
			name = Release;
		};
		F4102A702B35AEBD009E2D14 /* Debug */ = {
			isa = XCBuildConfiguration;
			buildSettings = {
				ALWAYS_SEARCH_USER_PATHS = NO;
				CLANG_ANALYZER_LOCALIZABILITY_NONLOCALIZED = YES;
				CLANG_ANALYZER_NONNULL = YES;
				CLANG_ANALYZER_NUMBER_OBJECT_CONVERSION = YES_AGGRESSIVE;
				CLANG_CXX_LANGUAGE_STANDARD = "gnu++20";
				CLANG_ENABLE_MODULES = YES;
				CLANG_ENABLE_OBJC_ARC = YES;
				CLANG_ENABLE_OBJC_WEAK = YES;
				CLANG_WARN_BLOCK_CAPTURE_AUTORELEASING = YES;
				CLANG_WARN_BOOL_CONVERSION = YES;
				CLANG_WARN_COMMA = YES;
				CLANG_WARN_CONSTANT_CONVERSION = YES;
				CLANG_WARN_DEPRECATED_OBJC_IMPLEMENTATIONS = YES;
				CLANG_WARN_DIRECT_OBJC_ISA_USAGE = YES_ERROR;
				CLANG_WARN_DOCUMENTATION_COMMENTS = YES;
				CLANG_WARN_EMPTY_BODY = YES;
				CLANG_WARN_ENUM_CONVERSION = YES;
				CLANG_WARN_INFINITE_RECURSION = YES;
				CLANG_WARN_INT_CONVERSION = YES;
				CLANG_WARN_NON_LITERAL_NULL_CONVERSION = YES;
				CLANG_WARN_OBJC_IMPLICIT_RETAIN_SELF = YES;
				CLANG_WARN_OBJC_LITERAL_CONVERSION = YES;
				CLANG_WARN_OBJC_ROOT_CLASS = YES_ERROR;
				CLANG_WARN_QUOTED_INCLUDE_IN_FRAMEWORK_HEADER = YES;
				CLANG_WARN_RANGE_LOOP_ANALYSIS = YES;
				CLANG_WARN_STRICT_PROTOTYPES = YES;
				CLANG_WARN_SUSPICIOUS_MOVE = YES;
				CLANG_WARN_UNGUARDED_AVAILABILITY = YES_AGGRESSIVE;
				CLANG_WARN_UNREACHABLE_CODE = YES;
				CLANG_WARN__DUPLICATE_METHOD_MATCH = YES;
				COPY_PHASE_STRIP = NO;
				DEBUG_INFORMATION_FORMAT = dwarf;
				ENABLE_STRICT_OBJC_MSGSEND = YES;
				ENABLE_TESTABILITY = YES;
				ENABLE_USER_SCRIPT_SANDBOXING = YES;
				GCC_C_LANGUAGE_STANDARD = gnu11;
				GCC_DYNAMIC_NO_PIC = NO;
				GCC_NO_COMMON_BLOCKS = YES;
				GCC_OPTIMIZATION_LEVEL = 0;
				GCC_PREPROCESSOR_DEFINITIONS = (
					"DEBUG=1",
					"$(inherited)",
				);
				GCC_WARN_64_TO_32_BIT_CONVERSION = YES;
				GCC_WARN_ABOUT_RETURN_TYPE = YES_ERROR;
				GCC_WARN_UNDECLARED_SELECTOR = YES;
				GCC_WARN_UNINITIALIZED_AUTOS = YES_AGGRESSIVE;
				GCC_WARN_UNUSED_FUNCTION = YES;
				GCC_WARN_UNUSED_VARIABLE = YES;
				IPHONEOS_DEPLOYMENT_TARGET = 13.4;
				MTL_ENABLE_DEBUG_INFO = INCLUDE_SOURCE;
				MTL_FAST_MATH = YES;
				ONLY_ACTIVE_ARCH = YES;
				SDKROOT = iphoneos;
				SWIFT_ACTIVE_COMPILATION_CONDITIONS = DEBUG;
				SWIFT_OPTIMIZATION_LEVEL = "-Onone";
			};
			name = Debug;
		};
		F4102A712B35AEBD009E2D14 /* Release */ = {
			isa = XCBuildConfiguration;
			buildSettings = {
				ALWAYS_SEARCH_USER_PATHS = NO;
				CLANG_ANALYZER_LOCALIZABILITY_NONLOCALIZED = YES;
				CLANG_ANALYZER_NONNULL = YES;
				CLANG_ANALYZER_NUMBER_OBJECT_CONVERSION = YES_AGGRESSIVE;
				CLANG_CXX_LANGUAGE_STANDARD = "gnu++20";
				CLANG_ENABLE_MODULES = YES;
				CLANG_ENABLE_OBJC_ARC = YES;
				CLANG_ENABLE_OBJC_WEAK = YES;
				CLANG_WARN_BLOCK_CAPTURE_AUTORELEASING = YES;
				CLANG_WARN_BOOL_CONVERSION = YES;
				CLANG_WARN_COMMA = YES;
				CLANG_WARN_CONSTANT_CONVERSION = YES;
				CLANG_WARN_DEPRECATED_OBJC_IMPLEMENTATIONS = YES;
				CLANG_WARN_DIRECT_OBJC_ISA_USAGE = YES_ERROR;
				CLANG_WARN_DOCUMENTATION_COMMENTS = YES;
				CLANG_WARN_EMPTY_BODY = YES;
				CLANG_WARN_ENUM_CONVERSION = YES;
				CLANG_WARN_INFINITE_RECURSION = YES;
				CLANG_WARN_INT_CONVERSION = YES;
				CLANG_WARN_NON_LITERAL_NULL_CONVERSION = YES;
				CLANG_WARN_OBJC_IMPLICIT_RETAIN_SELF = YES;
				CLANG_WARN_OBJC_LITERAL_CONVERSION = YES;
				CLANG_WARN_OBJC_ROOT_CLASS = YES_ERROR;
				CLANG_WARN_QUOTED_INCLUDE_IN_FRAMEWORK_HEADER = YES;
				CLANG_WARN_RANGE_LOOP_ANALYSIS = YES;
				CLANG_WARN_STRICT_PROTOTYPES = YES;
				CLANG_WARN_SUSPICIOUS_MOVE = YES;
				CLANG_WARN_UNGUARDED_AVAILABILITY = YES_AGGRESSIVE;
				CLANG_WARN_UNREACHABLE_CODE = YES;
				CLANG_WARN__DUPLICATE_METHOD_MATCH = YES;
				COPY_PHASE_STRIP = NO;
				DEBUG_INFORMATION_FORMAT = "dwarf-with-dsym";
				ENABLE_NS_ASSERTIONS = NO;
				ENABLE_STRICT_OBJC_MSGSEND = YES;
				ENABLE_USER_SCRIPT_SANDBOXING = YES;
				GCC_C_LANGUAGE_STANDARD = gnu11;
				GCC_NO_COMMON_BLOCKS = YES;
				GCC_WARN_64_TO_32_BIT_CONVERSION = YES;
				GCC_WARN_ABOUT_RETURN_TYPE = YES_ERROR;
				GCC_WARN_UNDECLARED_SELECTOR = YES;
				GCC_WARN_UNINITIALIZED_AUTOS = YES_AGGRESSIVE;
				GCC_WARN_UNUSED_FUNCTION = YES;
				GCC_WARN_UNUSED_VARIABLE = YES;
				IPHONEOS_DEPLOYMENT_TARGET = 13.4;
				MTL_ENABLE_DEBUG_INFO = NO;
				MTL_FAST_MATH = YES;
				SDKROOT = iphoneos;
				SWIFT_COMPILATION_MODE = wholemodule;
				SWIFT_OPTIMIZATION_LEVEL = "-O";
				VALIDATE_PRODUCT = YES;
			};
			name = Release;
		};
		F4102A732B35AEBD009E2D14 /* Debug */ = {
			isa = XCBuildConfiguration;
			baseConfigurationReference = 9D0B1F8620672F1029E8A7C2 /* Pods-Tracker Home.debug.xcconfig */;
			buildSettings = {
				ASSETCATALOG_COMPILER_APPICON_NAME = AppIcon;
				ASSETCATALOG_COMPILER_GLOBAL_ACCENT_COLOR_NAME = AccentColor;
				CODE_SIGN_STYLE = Automatic;
				CURRENT_PROJECT_VERSION = 1;
				DEVELOPMENT_TEAM = 66QMN95M53;
				ENABLE_USER_SCRIPT_SANDBOXING = NO;
				GENERATE_INFOPLIST_FILE = YES;
				INFOPLIST_FILE = "Tracker Home/Info.plist";
				INFOPLIST_KEY_UIApplicationSupportsIndirectInputEvents = YES;
				INFOPLIST_KEY_UILaunchStoryboardName = LaunchScreen;
				INFOPLIST_KEY_UISupportedInterfaceOrientations = UIInterfaceOrientationPortrait;
				INFOPLIST_KEY_UISupportedInterfaceOrientations_iPad = "UIInterfaceOrientationPortrait UIInterfaceOrientationPortraitUpsideDown";
				IPHONEOS_DEPLOYMENT_TARGET = 13.4;
				LD_RUNPATH_SEARCH_PATHS = (
					"$(inherited)",
					"@executable_path/Frameworks",
				);
				MARKETING_VERSION = 1.0;
				PRODUCT_BUNDLE_IDENTIFIER = "dlyaSebya.Tracker-Home";
				PRODUCT_NAME = "$(TARGET_NAME)";
				SWIFT_EMIT_LOC_STRINGS = YES;
				SWIFT_VERSION = 5.0;
				TARGETED_DEVICE_FAMILY = "1,2";
			};
			name = Debug;
		};
		F4102A742B35AEBD009E2D14 /* Release */ = {
			isa = XCBuildConfiguration;
			baseConfigurationReference = B258A69C815DDEA6917562C6 /* Pods-Tracker Home.release.xcconfig */;
			buildSettings = {
				ASSETCATALOG_COMPILER_APPICON_NAME = AppIcon;
				ASSETCATALOG_COMPILER_GLOBAL_ACCENT_COLOR_NAME = AccentColor;
				CODE_SIGN_STYLE = Automatic;
				CURRENT_PROJECT_VERSION = 1;
				DEVELOPMENT_TEAM = 66QMN95M53;
				ENABLE_USER_SCRIPT_SANDBOXING = NO;
				GENERATE_INFOPLIST_FILE = YES;
				INFOPLIST_FILE = "Tracker Home/Info.plist";
				INFOPLIST_KEY_UIApplicationSupportsIndirectInputEvents = YES;
				INFOPLIST_KEY_UILaunchStoryboardName = LaunchScreen;
				INFOPLIST_KEY_UISupportedInterfaceOrientations = UIInterfaceOrientationPortrait;
				INFOPLIST_KEY_UISupportedInterfaceOrientations_iPad = "UIInterfaceOrientationPortrait UIInterfaceOrientationPortraitUpsideDown";
				IPHONEOS_DEPLOYMENT_TARGET = 13.4;
				LD_RUNPATH_SEARCH_PATHS = (
					"$(inherited)",
					"@executable_path/Frameworks",
				);
				MARKETING_VERSION = 1.0;
				PRODUCT_BUNDLE_IDENTIFIER = "dlyaSebya.Tracker-Home";
				PRODUCT_NAME = "$(TARGET_NAME)";
				SWIFT_EMIT_LOC_STRINGS = YES;
				SWIFT_VERSION = 5.0;
				TARGETED_DEVICE_FAMILY = "1,2";
			};
			name = Release;
		};
		F41B502F2B98C05000669A1F /* Debug */ = {
			isa = XCBuildConfiguration;
			buildSettings = {
				ASSETCATALOG_COMPILER_GENERATE_SWIFT_ASSET_SYMBOL_EXTENSIONS = YES;
				BUNDLE_LOADER = "$(TEST_HOST)";
				CODE_SIGN_STYLE = Automatic;
				CURRENT_PROJECT_VERSION = 1;
				DEVELOPMENT_TEAM = 66QMN95M53;
				GCC_C_LANGUAGE_STANDARD = gnu17;
				GENERATE_INFOPLIST_FILE = YES;
				IPHONEOS_DEPLOYMENT_TARGET = 17.2;
				LOCALIZATION_PREFERS_STRING_CATALOGS = YES;
				MARKETING_VERSION = 1.0;
				PRODUCT_BUNDLE_IDENTIFIER = "dlyaSebya.Tracker-HomeTests";
				PRODUCT_NAME = "$(TARGET_NAME)";
				SWIFT_ACTIVE_COMPILATION_CONDITIONS = "DEBUG $(inherited)";
				SWIFT_EMIT_LOC_STRINGS = NO;
				SWIFT_VERSION = 5.0;
				TARGETED_DEVICE_FAMILY = "1,2";
				TEST_HOST = "$(BUILT_PRODUCTS_DIR)/Tracker Home.app/$(BUNDLE_EXECUTABLE_FOLDER_PATH)/Tracker Home";
			};
			name = Debug;
		};
		F41B50302B98C05000669A1F /* Release */ = {
			isa = XCBuildConfiguration;
			buildSettings = {
				ASSETCATALOG_COMPILER_GENERATE_SWIFT_ASSET_SYMBOL_EXTENSIONS = YES;
				BUNDLE_LOADER = "$(TEST_HOST)";
				CODE_SIGN_STYLE = Automatic;
				CURRENT_PROJECT_VERSION = 1;
				DEVELOPMENT_TEAM = 66QMN95M53;
				GCC_C_LANGUAGE_STANDARD = gnu17;
				GENERATE_INFOPLIST_FILE = YES;
				IPHONEOS_DEPLOYMENT_TARGET = 17.2;
				LOCALIZATION_PREFERS_STRING_CATALOGS = YES;
				MARKETING_VERSION = 1.0;
				PRODUCT_BUNDLE_IDENTIFIER = "dlyaSebya.Tracker-HomeTests";
				PRODUCT_NAME = "$(TARGET_NAME)";
				SWIFT_EMIT_LOC_STRINGS = NO;
				SWIFT_VERSION = 5.0;
				TARGETED_DEVICE_FAMILY = "1,2";
				TEST_HOST = "$(BUILT_PRODUCTS_DIR)/Tracker Home.app/$(BUNDLE_EXECUTABLE_FOLDER_PATH)/Tracker Home";
			};
			name = Release;
		};
/* End XCBuildConfiguration section */

/* Begin XCConfigurationList section */
		F406974F2B98C93100427B2F /* Build configuration list for PBXNativeTarget "Tracker HomeTestss" */ = {
			isa = XCConfigurationList;
			buildConfigurations = (
				F40697502B98C93100427B2F /* Debug */,
				F40697512B98C93100427B2F /* Release */,
			);
			defaultConfigurationIsVisible = 0;
			defaultConfigurationName = Release;
		};
		F4102A592B35AEBC009E2D14 /* Build configuration list for PBXProject "Tracker Home" */ = {
			isa = XCConfigurationList;
			buildConfigurations = (
				F4102A702B35AEBD009E2D14 /* Debug */,
				F4102A712B35AEBD009E2D14 /* Release */,
			);
			defaultConfigurationIsVisible = 0;
			defaultConfigurationName = Release;
		};
		F4102A722B35AEBD009E2D14 /* Build configuration list for PBXNativeTarget "Tracker Home" */ = {
			isa = XCConfigurationList;
			buildConfigurations = (
				F4102A732B35AEBD009E2D14 /* Debug */,
				F4102A742B35AEBD009E2D14 /* Release */,
			);
			defaultConfigurationIsVisible = 0;
			defaultConfigurationName = Release;
		};
		F41B50312B98C05000669A1F /* Build configuration list for PBXNativeTarget "Tracker HomeTests" */ = {
			isa = XCConfigurationList;
			buildConfigurations = (
				F41B502F2B98C05000669A1F /* Debug */,
				F41B50302B98C05000669A1F /* Release */,
			);
			defaultConfigurationIsVisible = 0;
			defaultConfigurationName = Release;
		};
/* End XCConfigurationList section */

/* Begin XCRemoteSwiftPackageReference section */
		F41B50322B98C06C00669A1F /* XCRemoteSwiftPackageReference "swift-snapshot-testing" */ = {
			isa = XCRemoteSwiftPackageReference;
			repositoryURL = "https://github.com/pointfreeco/swift-snapshot-testing.git";
			requirement = {
				kind = upToNextMajorVersion;
				minimumVersion = 1.15.4;
			};
		};
/* End XCRemoteSwiftPackageReference section */

/* Begin XCSwiftPackageProductDependency section */
		F41B50332B98C06C00669A1F /* InlineSnapshotTesting */ = {
			isa = XCSwiftPackageProductDependency;
			package = F41B50322B98C06C00669A1F /* XCRemoteSwiftPackageReference "swift-snapshot-testing" */;
			productName = InlineSnapshotTesting;
		};
		F41B50352B98C06C00669A1F /* SnapshotTesting */ = {
			isa = XCSwiftPackageProductDependency;
			package = F41B50322B98C06C00669A1F /* XCRemoteSwiftPackageReference "swift-snapshot-testing" */;
			productName = SnapshotTesting;
		};
/* End XCSwiftPackageProductDependency section */

/* Begin XCVersionGroup section */
		F4C796FF2B67908900636046 /* TrackerCoreData.xcdatamodeld */ = {
			isa = XCVersionGroup;
			children = (
				F4C797002B67908900636046 /* TrackerCoreData.xcdatamodel */,
			);
			currentVersion = F4C797002B67908900636046 /* TrackerCoreData.xcdatamodel */;
			path = TrackerCoreData.xcdatamodeld;
			sourceTree = "<group>";
			versionGroupType = wrapper.xcdatamodel;
		};
/* End XCVersionGroup section */
	};
	rootObject = F4102A562B35AEBC009E2D14 /* Project object */;
}
